Microsoft Visual Studio Solution File, Format Version 12.00
# Visual Studio Version 17
VisualStudioVersion = 17.5.2.0
MinimumVisualStudioVersion = 10.0.40219.1
Project("{FAE04EC0-301F-11D3-BF4B-00C04F79EFBC}") = "mail_server", "mail_server\mail_server.csproj", "{EF9A3AE9-EE38-DE0B-7A13-73C8E6CD6643}"
EndProject
Global
	GlobalSection(SolutionConfigurationPlatforms) = preSolution
		Debug|Any CPU = Debug|Any CPU
		Release|Any CPU = Release|Any CPU
	EndGlobalSection
	GlobalSection(ProjectConfigurationPlatforms) = postSolution
		{EF9A3AE9-EE38-DE0B-7A13-73C8E6CD6643}.Debug|Any CPU.ActiveCfg = Debug|Any CPU
		{EF9A3AE9-EE38-DE0B-7A13-73C8E6CD6643}.Debug|Any CPU.Build.0 = Debug|Any CPU
		{EF9A3AE9-EE38-DE0B-7A13-73C8E6CD6643}.Release|Any CPU.ActiveCfg = Release|Any CPU
		{EF9A3AE9-EE38-DE0B-7A13-73C8E6CD6643}.Release|Any CPU.Build.0 = Release|Any CPU
	EndGlobalSection
	GlobalSection(SolutionProperties) = preSolution
		HideSolutionNode = FALSE
	EndGlobalSection
	GlobalSection(ExtensibilityGlobals) = postSolution
		SolutionGuid = {96C30709-03E1-4D02-9FB0-78CEFFC42800}
	EndGlobalSection
EndGlobal
